// !$*UTF8*$!
{
	archiveVersion = 1;
	classes = {
	};
	objectVersion = 56;
	objects = {

/* Begin PBXBuildFile section */
		403676F62A6561C6007DC043 /* DictionaryCollectionViewCell.swift in Sources */ = {isa = PBXBuildFile; fileRef = 403676F42A6561C6007DC043 /* DictionaryCollectionViewCell.swift */; };
		403676F72A6561C6007DC043 /* DictionaryCollectionViewCell.xib in Resources */ = {isa = PBXBuildFile; fileRef = 403676F52A6561C6007DC043 /* DictionaryCollectionViewCell.xib */; };
		403676FB2A659019007DC043 /* DictionaryButtonsData.swift in Sources */ = {isa = PBXBuildFile; fileRef = 403676FA2A659019007DC043 /* DictionaryButtonsData.swift */; };
		403676FD2A659353007DC043 /* MeasureExecutionTimeProtocol.swift in Sources */ = {isa = PBXBuildFile; fileRef = 403676FC2A659353007DC043 /* MeasureExecutionTimeProtocol.swift */; };
		4059489A2A4B741A000E5DD8 /* AppDelegate.swift in Sources */ = {isa = PBXBuildFile; fileRef = 405948992A4B741A000E5DD8 /* AppDelegate.swift */; };
		4059489C2A4B741A000E5DD8 /* SceneDelegate.swift in Sources */ = {isa = PBXBuildFile; fileRef = 4059489B2A4B741A000E5DD8 /* SceneDelegate.swift */; };
		4059489E2A4B741A000E5DD8 /* ViewController.swift in Sources */ = {isa = PBXBuildFile; fileRef = 4059489D2A4B741A000E5DD8 /* ViewController.swift */; };
		405948A12A4B741A000E5DD8 /* Main.storyboard in Resources */ = {isa = PBXBuildFile; fileRef = 4059489F2A4B741A000E5DD8 /* Main.storyboard */; };
		405948A32A4B741C000E5DD8 /* Assets.xcassets in Resources */ = {isa = PBXBuildFile; fileRef = 405948A22A4B741C000E5DD8 /* Assets.xcassets */; };
		405948A62A4B741C000E5DD8 /* LaunchScreen.storyboard in Resources */ = {isa = PBXBuildFile; fileRef = 405948A42A4B741C000E5DD8 /* LaunchScreen.storyboard */; };
		405948AE2A4D6508000E5DD8 /* ArrayViewController.swift in Sources */ = {isa = PBXBuildFile; fileRef = 405948AD2A4D6508000E5DD8 /* ArrayViewController.swift */; };
		405948B32A4D8B20000E5DD8 /* DictionaryViewController.swift in Sources */ = {isa = PBXBuildFile; fileRef = 405948B22A4D8B20000E5DD8 /* DictionaryViewController.swift */; };
		405948B52A4D8B68000E5DD8 /* SetViewController.swift in Sources */ = {isa = PBXBuildFile; fileRef = 405948B42A4D8B68000E5DD8 /* SetViewController.swift */; };
		40A0C45E2A570EF50062878B /* ArrayButtonsData.swift in Sources */ = {isa = PBXBuildFile; fileRef = 40A0C45D2A570EF50062878B /* ArrayButtonsData.swift */; };
		40D1A1E12A55D42F00976ABC /* ButtonsCollectionViewCell.swift in Sources */ = {isa = PBXBuildFile; fileRef = 40D1A1DF2A55D42F00976ABC /* ButtonsCollectionViewCell.swift */; };
		40D1A1E22A55D42F00976ABC /* ButtonsCollectionViewCell.xib in Resources */ = {isa = PBXBuildFile; fileRef = 40D1A1E02A55D42F00976ABC /* ButtonsCollectionViewCell.xib */; };
/* End PBXBuildFile section */

/* Begin PBXFileReference section */
		403676F42A6561C6007DC043 /* DictionaryCollectionViewCell.swift */ = {isa = PBXFileReference; lastKnownFileType = sourcecode.swift; path = DictionaryCollectionViewCell.swift; sourceTree = "<group>"; };
		403676F52A6561C6007DC043 /* DictionaryCollectionViewCell.xib */ = {isa = PBXFileReference; lastKnownFileType = file.xib; path = DictionaryCollectionViewCell.xib; sourceTree = "<group>"; };
		403676FA2A659019007DC043 /* DictionaryButtonsData.swift */ = {isa = PBXFileReference; lastKnownFileType = sourcecode.swift; path = DictionaryButtonsData.swift; sourceTree = "<group>"; };
		403676FC2A659353007DC043 /* MeasureExecutionTimeProtocol.swift */ = {isa = PBXFileReference; lastKnownFileType = sourcecode.swift; path = MeasureExecutionTimeProtocol.swift; sourceTree = "<group>"; };
		405948962A4B741A000E5DD8 /* Collections.app */ = {isa = PBXFileReference; explicitFileType = wrapper.application; includeInIndex = 0; path = Collections.app; sourceTree = BUILT_PRODUCTS_DIR; };
		405948992A4B741A000E5DD8 /* AppDelegate.swift */ = {isa = PBXFileReference; lastKnownFileType = sourcecode.swift; path = AppDelegate.swift; sourceTree = "<group>"; };
		4059489B2A4B741A000E5DD8 /* SceneDelegate.swift */ = {isa = PBXFileReference; lastKnownFileType = sourcecode.swift; path = SceneDelegate.swift; sourceTree = "<group>"; };
		4059489D2A4B741A000E5DD8 /* ViewController.swift */ = {isa = PBXFileReference; lastKnownFileType = sourcecode.swift; path = ViewController.swift; sourceTree = "<group>"; };
		405948A02A4B741A000E5DD8 /* Base */ = {isa = PBXFileReference; lastKnownFileType = file.storyboard; name = Base; path = Base.lproj/Main.storyboard; sourceTree = "<group>"; };
		405948A22A4B741C000E5DD8 /* Assets.xcassets */ = {isa = PBXFileReference; lastKnownFileType = folder.assetcatalog; path = Assets.xcassets; sourceTree = "<group>"; };
		405948A52A4B741C000E5DD8 /* Base */ = {isa = PBXFileReference; lastKnownFileType = file.storyboard; name = Base; path = Base.lproj/LaunchScreen.storyboard; sourceTree = "<group>"; };
		405948A72A4B741C000E5DD8 /* Info.plist */ = {isa = PBXFileReference; lastKnownFileType = text.plist.xml; path = Info.plist; sourceTree = "<group>"; };
		405948AD2A4D6508000E5DD8 /* ArrayViewController.swift */ = {isa = PBXFileReference; lastKnownFileType = sourcecode.swift; path = ArrayViewController.swift; sourceTree = "<group>"; };
		405948B22A4D8B20000E5DD8 /* DictionaryViewController.swift */ = {isa = PBXFileReference; lastKnownFileType = sourcecode.swift; path = DictionaryViewController.swift; sourceTree = "<group>"; };
		405948B42A4D8B68000E5DD8 /* SetViewController.swift */ = {isa = PBXFileReference; lastKnownFileType = sourcecode.swift; path = SetViewController.swift; sourceTree = "<group>"; };
		40A0C45D2A570EF50062878B /* ArrayButtonsData.swift */ = {isa = PBXFileReference; lastKnownFileType = sourcecode.swift; path = ArrayButtonsData.swift; sourceTree = "<group>"; };
		40D1A1DF2A55D42F00976ABC /* ButtonsCollectionViewCell.swift */ = {isa = PBXFileReference; lastKnownFileType = sourcecode.swift; path = ButtonsCollectionViewCell.swift; sourceTree = "<group>"; };
		40D1A1E02A55D42F00976ABC /* ButtonsCollectionViewCell.xib */ = {isa = PBXFileReference; lastKnownFileType = file.xib; path = ButtonsCollectionViewCell.xib; sourceTree = "<group>"; };
/* End PBXFileReference section */

/* Begin PBXFrameworksBuildPhase section */
		405948932A4B741A000E5DD8 /* Frameworks */ = {
			isa = PBXFrameworksBuildPhase;
			buildActionMask = 2147483647;
			files = (
			);
			runOnlyForDeploymentPostprocessing = 0;
		};
/* End PBXFrameworksBuildPhase section */

/* Begin PBXGroup section */
		403676ED2A6541DB007DC043 /* ArrayViewController */ = {
			isa = PBXGroup;
			children = (
				405948AD2A4D6508000E5DD8 /* ArrayViewController.swift */,
				40D1A1DF2A55D42F00976ABC /* ButtonsCollectionViewCell.swift */,
			);
			path = ArrayViewController;
			sourceTree = "<group>";
		};
		403676EE2A654204007DC043 /* SetViewController */ = {
			isa = PBXGroup;
			children = (
				405948B42A4D8B68000E5DD8 /* SetViewController.swift */,
			);
			path = SetViewController;
			sourceTree = "<group>";
		};
		403676EF2A654216007DC043 /* DictionaryViewController */ = {
			isa = PBXGroup;
			children = (
				405948B22A4D8B20000E5DD8 /* DictionaryViewController.swift */,
				403676F42A6561C6007DC043 /* DictionaryCollectionViewCell.swift */,
			);
			path = DictionaryViewController;
			sourceTree = "<group>";
		};
		403676F22A656158007DC043 /* ArrayView */ = {
			isa = PBXGroup;
			children = (
				40D1A1E02A55D42F00976ABC /* ButtonsCollectionViewCell.xib */,
			);
			path = ArrayView;
			sourceTree = "<group>";
		};
		403676F32A65618E007DC043 /* DictionaryView */ = {
			isa = PBXGroup;
			children = (
				403676F52A6561C6007DC043 /* DictionaryCollectionViewCell.xib */,
			);
			path = DictionaryView;
			sourceTree = "<group>";
		};
		403676F82A6569D6007DC043 /* ArrayData */ = {
			isa = PBXGroup;
			children = (
				40A0C45D2A570EF50062878B /* ArrayButtonsData.swift */,
			);
			path = ArrayData;
			sourceTree = "<group>";
		};
		403676F92A658FFC007DC043 /* DictionaryData */ = {
			isa = PBXGroup;
			children = (
				403676FA2A659019007DC043 /* DictionaryButtonsData.swift */,
			);
			path = DictionaryData;
			sourceTree = "<group>";
		};
		4059488D2A4B741A000E5DD8 = {
			isa = PBXGroup;
			children = (
				405948982A4B741A000E5DD8 /* Collections */,
				405948972A4B741A000E5DD8 /* Products */,
			);
			sourceTree = "<group>";
		};
		405948972A4B741A000E5DD8 /* Products */ = {
			isa = PBXGroup;
			children = (
				405948962A4B741A000E5DD8 /* Collections.app */,
			);
			name = Products;
			sourceTree = "<group>";
		};
		405948982A4B741A000E5DD8 /* Collections */ = {
			isa = PBXGroup;
			children = (
				405948992A4B741A000E5DD8 /* AppDelegate.swift */,
				4059489B2A4B741A000E5DD8 /* SceneDelegate.swift */,
				405948B12A4D8AE7000E5DD8 /* Model */,
				405948B02A4D8AD8000E5DD8 /* View */,
				405948AF2A4D8AC1000E5DD8 /* Controller */,
				405948A22A4B741C000E5DD8 /* Assets.xcassets */,
				405948A42A4B741C000E5DD8 /* LaunchScreen.storyboard */,
				405948A72A4B741C000E5DD8 /* Info.plist */,
			);
			path = Collections;
			sourceTree = "<group>";
		};
		405948AF2A4D8AC1000E5DD8 /* Controller */ = {
			isa = PBXGroup;
			children = (
				4059489D2A4B741A000E5DD8 /* ViewController.swift */,
				403676ED2A6541DB007DC043 /* ArrayViewController */,
				403676EE2A654204007DC043 /* SetViewController */,
				403676EF2A654216007DC043 /* DictionaryViewController */,
				403676FC2A659353007DC043 /* MeasureExecutionTimeProtocol.swift */,
			);
			path = Controller;
			sourceTree = "<group>";
		};
		405948B02A4D8AD8000E5DD8 /* View */ = {
			isa = PBXGroup;
			children = (
				4059489F2A4B741A000E5DD8 /* Main.storyboard */,
				403676F32A65618E007DC043 /* DictionaryView */,
				403676F22A656158007DC043 /* ArrayView */,
			);
			path = View;
			sourceTree = "<group>";
		};
		405948B12A4D8AE7000E5DD8 /* Model */ = {
			isa = PBXGroup;
			children = (
				403676F92A658FFC007DC043 /* DictionaryData */,
				403676F82A6569D6007DC043 /* ArrayData */,
			);
			path = Model;
			sourceTree = "<group>";
		};
/* End PBXGroup section */

/* Begin PBXNativeTarget section */
		405948952A4B741A000E5DD8 /* Collections */ = {
			isa = PBXNativeTarget;
			buildConfigurationList = 405948AA2A4B741C000E5DD8 /* Build configuration list for PBXNativeTarget "Collections" */;
			buildPhases = (
				405948922A4B741A000E5DD8 /* Sources */,
				405948932A4B741A000E5DD8 /* Frameworks */,
				405948942A4B741A000E5DD8 /* Resources */,
			);
			buildRules = (
			);
			dependencies = (
			);
			name = Collections;
			productName = Collections;
			productReference = 405948962A4B741A000E5DD8 /* Collections.app */;
			productType = "com.apple.product-type.application";
		};
/* End PBXNativeTarget section */

/* Begin PBXProject section */
		4059488E2A4B741A000E5DD8 /* Project object */ = {
			isa = PBXProject;
			attributes = {
				BuildIndependentTargetsInParallel = 1;
				LastSwiftUpdateCheck = 1430;
				LastUpgradeCheck = 1430;
				TargetAttributes = {
					405948952A4B741A000E5DD8 = {
						CreatedOnToolsVersion = 14.3;
					};
				};
			};
			buildConfigurationList = 405948912A4B741A000E5DD8 /* Build configuration list for PBXProject "Collections" */;
			compatibilityVersion = "Xcode 14.0";
			developmentRegion = en;
			hasScannedForEncodings = 0;
			knownRegions = (
				en,
				Base,
			);
			mainGroup = 4059488D2A4B741A000E5DD8;
			productRefGroup = 405948972A4B741A000E5DD8 /* Products */;
			projectDirPath = "";
			projectRoot = "";
			targets = (
				405948952A4B741A000E5DD8 /* Collections */,
			);
		};
/* End PBXProject section */

/* Begin PBXResourcesBuildPhase section */
		405948942A4B741A000E5DD8 /* Resources */ = {
			isa = PBXResourcesBuildPhase;
			buildActionMask = 2147483647;
			files = (
				405948A62A4B741C000E5DD8 /* LaunchScreen.storyboard in Resources */,
				403676F72A6561C6007DC043 /* DictionaryCollectionViewCell.xib in Resources */,
				405948A32A4B741C000E5DD8 /* Assets.xcassets in Resources */,
				405948A12A4B741A000E5DD8 /* Main.storyboard in Resources */,
				40D1A1E22A55D42F00976ABC /* ButtonsCollectionViewCell.xib in Resources */,
			);
			runOnlyForDeploymentPostprocessing = 0;
		};
/* End PBXResourcesBuildPhase section */

/* Begin PBXSourcesBuildPhase section */
		405948922A4B741A000E5DD8 /* Sources */ = {
			isa = PBXSourcesBuildPhase;
			buildActionMask = 2147483647;
			files = (
				405948B32A4D8B20000E5DD8 /* DictionaryViewController.swift in Sources */,
				405948B52A4D8B68000E5DD8 /* SetViewController.swift in Sources */,
				4059489E2A4B741A000E5DD8 /* ViewController.swift in Sources */,
				403676F62A6561C6007DC043 /* DictionaryCollectionViewCell.swift in Sources */,
				403676FD2A659353007DC043 /* MeasureExecutionTimeProtocol.swift in Sources */,
				40A0C45E2A570EF50062878B /* ArrayButtonsData.swift in Sources */,
				403676FB2A659019007DC043 /* DictionaryButtonsData.swift in Sources */,
				4059489A2A4B741A000E5DD8 /* AppDelegate.swift in Sources */,
				40D1A1E12A55D42F00976ABC /* ButtonsCollectionViewCell.swift in Sources */,
				405948AE2A4D6508000E5DD8 /* ArrayViewController.swift in Sources */,
				4059489C2A4B741A000E5DD8 /* SceneDelegate.swift in Sources */,
			);
			runOnlyForDeploymentPostprocessing = 0;
		};
/* End PBXSourcesBuildPhase section */

/* Begin PBXVariantGroup section */
		4059489F2A4B741A000E5DD8 /* Main.storyboard */ = {
			isa = PBXVariantGroup;
			children = (
				405948A02A4B741A000E5DD8 /* Base */,
			);
			name = Main.storyboard;
			sourceTree = "<group>";
		};
		405948A42A4B741C000E5DD8 /* LaunchScreen.storyboard */ = {
			isa = PBXVariantGroup;
			children = (
				405948A52A4B741C000E5DD8 /* Base */,
			);
			name = LaunchScreen.storyboard;
			sourceTree = "<group>";
		};
/* End PBXVariantGroup section */

/* Begin XCBuildConfiguration section */
		405948A82A4B741C000E5DD8 /* Debug */ = {
			isa = XCBuildConfiguration;
			buildSettings = {
				ALWAYS_SEARCH_USER_PATHS = NO;
				CLANG_ANALYZER_NONNULL = YES;
				CLANG_ANALYZER_NUMBER_OBJECT_CONVERSION = YES_AGGRESSIVE;
				CLANG_CXX_LANGUAGE_STANDARD = "gnu++20";
				CLANG_ENABLE_MODULES = YES;
				CLANG_ENABLE_OBJC_ARC = YES;
				CLANG_ENABLE_OBJC_WEAK = YES;
				CLANG_WARN_BLOCK_CAPTURE_AUTORELEASING = YES;
				CLANG_WARN_BOOL_CONVERSION = YES;
				CLANG_WARN_COMMA = YES;
				CLANG_WARN_CONSTANT_CONVERSION = YES;
				CLANG_WARN_DEPRECATED_OBJC_IMPLEMENTATIONS = YES;
				CLANG_WARN_DIRECT_OBJC_ISA_USAGE = YES_ERROR;
				CLANG_WARN_DOCUMENTATION_COMMENTS = YES;
				CLANG_WARN_EMPTY_BODY = YES;
				CLANG_WARN_ENUM_CONVERSION = YES;
				CLANG_WARN_INFINITE_RECURSION = YES;
				CLANG_WARN_INT_CONVERSION = YES;
				CLANG_WARN_NON_LITERAL_NULL_CONVERSION = YES;
				CLANG_WARN_OBJC_IMPLICIT_RETAIN_SELF = YES;
				CLANG_WARN_OBJC_LITERAL_CONVERSION = YES;
				CLANG_WARN_OBJC_ROOT_CLASS = YES_ERROR;
				CLANG_WARN_QUOTED_INCLUDE_IN_FRAMEWORK_HEADER = YES;
				CLANG_WARN_RANGE_LOOP_ANALYSIS = YES;
				CLANG_WARN_STRICT_PROTOTYPES = YES;
				CLANG_WARN_SUSPICIOUS_MOVE = YES;
				CLANG_WARN_UNGUARDED_AVAILABILITY = YES_AGGRESSIVE;
				CLANG_WARN_UNREACHABLE_CODE = YES;
				CLANG_WARN__DUPLICATE_METHOD_MATCH = YES;
				COPY_PHASE_STRIP = NO;
				DEBUG_INFORMATION_FORMAT = dwarf;
				ENABLE_STRICT_OBJC_MSGSEND = YES;
				ENABLE_TESTABILITY = YES;
				GCC_C_LANGUAGE_STANDARD = gnu11;
				GCC_DYNAMIC_NO_PIC = NO;
				GCC_NO_COMMON_BLOCKS = YES;
				GCC_OPTIMIZATION_LEVEL = 0;
				GCC_PREPROCESSOR_DEFINITIONS = (
					"DEBUG=1",
					"$(inherited)",
				);
				GCC_WARN_64_TO_32_BIT_CONVERSION = YES;
				GCC_WARN_ABOUT_RETURN_TYPE = YES_ERROR;
				GCC_WARN_UNDECLARED_SELECTOR = YES;
				GCC_WARN_UNINITIALIZED_AUTOS = YES_AGGRESSIVE;
				GCC_WARN_UNUSED_FUNCTION = YES;
				GCC_WARN_UNUSED_VARIABLE = YES;
				IPHONEOS_DEPLOYMENT_TARGET = 16.4;
				MTL_ENABLE_DEBUG_INFO = INCLUDE_SOURCE;
				MTL_FAST_MATH = YES;
				ONLY_ACTIVE_ARCH = YES;
				SDKROOT = iphoneos;
				SWIFT_ACTIVE_COMPILATION_CONDITIONS = DEBUG;
				SWIFT_OPTIMIZATION_LEVEL = "-Onone";
			};
			name = Debug;
		};
		405948A92A4B741C000E5DD8 /* Release */ = {
			isa = XCBuildConfiguration;
			buildSettings = {
				ALWAYS_SEARCH_USER_PATHS = NO;
				CLANG_ANALYZER_NONNULL = YES;
				CLANG_ANALYZER_NUMBER_OBJECT_CONVERSION = YES_AGGRESSIVE;
				CLANG_CXX_LANGUAGE_STANDARD = "gnu++20";
				CLANG_ENABLE_MODULES = YES;
				CLANG_ENABLE_OBJC_ARC = YES;
				CLANG_ENABLE_OBJC_WEAK = YES;
				CLANG_WARN_BLOCK_CAPTURE_AUTORELEASING = YES;
				CLANG_WARN_BOOL_CONVERSION = YES;
				CLANG_WARN_COMMA = YES;
				CLANG_WARN_CONSTANT_CONVERSION = YES;
				CLANG_WARN_DEPRECATED_OBJC_IMPLEMENTATIONS = YES;
				CLANG_WARN_DIRECT_OBJC_ISA_USAGE = YES_ERROR;
				CLANG_WARN_DOCUMENTATION_COMMENTS = YES;
				CLANG_WARN_EMPTY_BODY = YES;
				CLANG_WARN_ENUM_CONVERSION = YES;
				CLANG_WARN_INFINITE_RECURSION = YES;
				CLANG_WARN_INT_CONVERSION = YES;
				CLANG_WARN_NON_LITERAL_NULL_CONVERSION = YES;
				CLANG_WARN_OBJC_IMPLICIT_RETAIN_SELF = YES;
				CLANG_WARN_OBJC_LITERAL_CONVERSION = YES;
				CLANG_WARN_OBJC_ROOT_CLASS = YES_ERROR;
				CLANG_WARN_QUOTED_INCLUDE_IN_FRAMEWORK_HEADER = YES;
				CLANG_WARN_RANGE_LOOP_ANALYSIS = YES;
				CLANG_WARN_STRICT_PROTOTYPES = YES;
				CLANG_WARN_SUSPICIOUS_MOVE = YES;
				CLANG_WARN_UNGUARDED_AVAILABILITY = YES_AGGRESSIVE;
				CLANG_WARN_UNREACHABLE_CODE = YES;
				CLANG_WARN__DUPLICATE_METHOD_MATCH = YES;
				COPY_PHASE_STRIP = NO;
				DEBUG_INFORMATION_FORMAT = "dwarf-with-dsym";
				ENABLE_NS_ASSERTIONS = NO;
				ENABLE_STRICT_OBJC_MSGSEND = YES;
				GCC_C_LANGUAGE_STANDARD = gnu11;
				GCC_NO_COMMON_BLOCKS = YES;
				GCC_WARN_64_TO_32_BIT_CONVERSION = YES;
				GCC_WARN_ABOUT_RETURN_TYPE = YES_ERROR;
				GCC_WARN_UNDECLARED_SELECTOR = YES;
				GCC_WARN_UNINITIALIZED_AUTOS = YES_AGGRESSIVE;
				GCC_WARN_UNUSED_FUNCTION = YES;
				GCC_WARN_UNUSED_VARIABLE = YES;
				IPHONEOS_DEPLOYMENT_TARGET = 16.4;
				MTL_ENABLE_DEBUG_INFO = NO;
				MTL_FAST_MATH = YES;
				SDKROOT = iphoneos;
				SWIFT_COMPILATION_MODE = wholemodule;
				SWIFT_OPTIMIZATION_LEVEL = "-O";
				VALIDATE_PRODUCT = YES;
			};
			name = Release;
		};
		405948AB2A4B741C000E5DD8 /* Debug */ = {
			isa = XCBuildConfiguration;
			buildSettings = {
				ASSETCATALOG_COMPILER_APPICON_NAME = AppIcon;
				ASSETCATALOG_COMPILER_GLOBAL_ACCENT_COLOR_NAME = AccentColor;
				CODE_SIGN_STYLE = Automatic;
				CURRENT_PROJECT_VERSION = 1;
				DEVELOPMENT_TEAM = MZQ6ZJQYAL;
				GENERATE_INFOPLIST_FILE = YES;
				INFOPLIST_FILE = Collections/Info.plist;
				INFOPLIST_KEY_UIApplicationSupportsIndirectInputEvents = YES;
				INFOPLIST_KEY_UILaunchStoryboardName = LaunchScreen;
				INFOPLIST_KEY_UIMainStoryboardFile = Main;
				INFOPLIST_KEY_UISupportedInterfaceOrientations_iPad = "UIInterfaceOrientationPortrait UIInterfaceOrientationPortraitUpsideDown UIInterfaceOrientationLandscapeLeft UIInterfaceOrientationLandscapeRight";
				INFOPLIST_KEY_UISupportedInterfaceOrientations_iPhone = "UIInterfaceOrientationPortrait UIInterfaceOrientationLandscapeLeft UIInterfaceOrientationLandscapeRight";
				LD_RUNPATH_SEARCH_PATHS = (
					"$(inherited)",
					"@executable_path/Frameworks",
				);
				MARKETING_VERSION = 1.0;
				PRODUCT_BUNDLE_IDENTIFIER = com.shablii.Collections;
				PRODUCT_NAME = "$(TARGET_NAME)";
				SWIFT_EMIT_LOC_STRINGS = YES;
				SWIFT_VERSION = 5.0;
				TARGETED_DEVICE_FAMILY = "1,2";
			};
			name = Debug;
		};
		405948AC2A4B741C000E5DD8 /* Release */ = {
			isa = XCBuildConfiguration;
			buildSettings = {
				ASSETCATALOG_COMPILER_APPICON_NAME = AppIcon;
				ASSETCATALOG_COMPILER_GLOBAL_ACCENT_COLOR_NAME = AccentColor;
				CODE_SIGN_STYLE = Automatic;
				CURRENT_PROJECT_VERSION = 1;
				DEVELOPMENT_TEAM = MZQ6ZJQYAL;
				GENERATE_INFOPLIST_FILE = YES;
				INFOPLIST_FILE = Collections/Info.plist;
				INFOPLIST_KEY_UIApplicationSupportsIndirectInputEvents = YES;
				INFOPLIST_KEY_UILaunchStoryboardName = LaunchScreen;
				INFOPLIST_KEY_UIMainStoryboardFile = Main;
				INFOPLIST_KEY_UISupportedInterfaceOrientations_iPad = "UIInterfaceOrientationPortrait UIInterfaceOrientationPortraitUpsideDown UIInterfaceOrientationLandscapeLeft UIInterfaceOrientationLandscapeRight";
				INFOPLIST_KEY_UISupportedInterfaceOrientations_iPhone = "UIInterfaceOrientationPortrait UIInterfaceOrientationLandscapeLeft UIInterfaceOrientationLandscapeRight";
				LD_RUNPATH_SEARCH_PATHS = (
					"$(inherited)",
					"@executable_path/Frameworks",
				);
				MARKETING_VERSION = 1.0;
				PRODUCT_BUNDLE_IDENTIFIER = com.shablii.Collections;
				PRODUCT_NAME = "$(TARGET_NAME)";
				SWIFT_EMIT_LOC_STRINGS = YES;
				SWIFT_VERSION = 5.0;
				TARGETED_DEVICE_FAMILY = "1,2";
			};
			name = Release;
		};
/* End XCBuildConfiguration section */

/* Begin XCConfigurationList section */
		405948912A4B741A000E5DD8 /* Build configuration list for PBXProject "Collections" */ = {
			isa = XCConfigurationList;
			buildConfigurations = (
				405948A82A4B741C000E5DD8 /* Debug */,
				405948A92A4B741C000E5DD8 /* Release */,
			);
			defaultConfigurationIsVisible = 0;
			defaultConfigurationName = Release;
		};
		405948AA2A4B741C000E5DD8 /* Build configuration list for PBXNativeTarget "Collections" */ = {
			isa = XCConfigurationList;
			buildConfigurations = (
				405948AB2A4B741C000E5DD8 /* Debug */,
				405948AC2A4B741C000E5DD8 /* Release */,
			);
			defaultConfigurationIsVisible = 0;
			defaultConfigurationName = Release;
		};
/* End XCConfigurationList section */
	};
	rootObject = 4059488E2A4B741A000E5DD8 /* Project object */;
}
